
Microsoft Visual Studio Solution File, Format Version 12.00
# Visual Studio 2012
Project("{FAE04EC0-301F-11D3-BF4B-00C04F79EFBC}") = "Kingdango.SaltedHashPassword", "Kingdango.SaltedHashPassword.csproj", "{AF2F0511-1E41-4EA1-8918-C76C4F531000}"
EndProject
Project("{FAE04EC0-301F-11D3-BF4B-00C04F79EFBC}") = "TestHarness", "..\TestHarness\TestHarness.csproj", "{2314480B-4C86-406A-9ED0-305B9F2F8F52}"
EndProject
Global
	GlobalSection(SolutionConfigurationPlatforms) = preSolution
		Debug|Any CPU = Debug|Any CPU
		Release|Any CPU = Release|Any CPU
	EndGlobalSection
	GlobalSection(ProjectConfigurationPlatforms) = postSolution
		{2314480B-4C86-406A-9ED0-305B9F2F8F52}.Debug|Any CPU.ActiveCfg = Debug|Any CPU
		{2314480B-4C86-406A-9ED0-305B9F2F8F52}.Debug|Any CPU.Build.0 = Debug|Any CPU
		{2314480B-4C86-406A-9ED0-305B9F2F8F52}.Release|Any CPU.ActiveCfg = Release|Any CPU
		{2314480B-4C86-406A-9ED0-305B9F2F8F52}.Release|Any CPU.Build.0 = Release|Any CPU
		{AF2F0511-1E41-4EA1-8918-C76C4F531000}.Debug|Any CPU.ActiveCfg = Debug|Any CPU
		{AF2F0511-1E41-4EA1-8918-C76C4F531000}.Debug|Any CPU.Build.0 = Debug|Any CPU
		{AF2F0511-1E41-4EA1-8918-C76C4F531000}.Release|Any CPU.ActiveCfg = Release|Any CPU
		{AF2F0511-1E41-4EA1-8918-C76C4F531000}.Release|Any CPU.Build.0 = Release|Any CPU
	EndGlobalSection
	GlobalSection(SolutionProperties) = preSolution
		HideSolutionNode = FALSE
	EndGlobalSection
EndGlobal
